
Microsoft Visual Studio Solution File, Format Version 12.00
# Visual Studio Version 17
VisualStudioVersion = 17.4.33213.308
MinimumVisualStudioVersion = 10.0.40219.1
Project("{9A19103F-16F7-4668-BE54-9A1E7A4F7556}") = "BankingCallQueue", "BankingCallQueue.csproj", "{1DAA0BE7-AD24-4870-BEF4-E9E79E8379B3}"
EndProject
Global
	GlobalSection(SolutionConfigurationPlatforms) = preSolution
		Debug|Any CPU = Debug|Any CPU
		Release|Any CPU = Release|Any CPU
	EndGlobalSection
	GlobalSection(ProjectConfigurationPlatforms) = postSolution
		{1DAA0BE7-AD24-4870-BEF4-E9E79E8379B3}.Debug|Any CPU.ActiveCfg = Debug|Any CPU
		{1DAA0BE7-AD24-4870-BEF4-E9E79E8379B3}.Debug|Any CPU.Build.0 = Debug|Any CPU
		{1DAA0BE7-AD24-4870-BEF4-E9E79E8379B3}.Release|Any CPU.ActiveCfg = Release|Any CPU
		{1DAA0BE7-AD24-4870-BEF4-E9E79E8379B3}.Release|Any CPU.Build.0 = Release|Any CPU
	EndGlobalSection
	GlobalSection(SolutionProperties) = preSolution
		HideSolutionNode = FALSE
	EndGlobalSection
	GlobalSection(ExtensibilityGlobals) = postSolution
		SolutionGuid = {5D19E4A5-D987-43FB-9D99-F52ACAF6C14B}
	EndGlobalSection
EndGlobal
